{
  "name": "QuipperCodeCompiler",
  "lockfileVersion": 3,
  "requires": true,
  "packages": {
    "": {
      "dependencies": {
        "@codemirror/basic-setup": "^0.20.0",
        "@codemirror/lang-javascript": "^6.2.2",
        "@radix-ui/react-tabs": "^1.1.3",
        "@uiw/react-codemirror": "^4.23.8",
        "codemirror": "^6.0.1"
      }
    },
    "node_modules/@babel/runtime": {
      "version": "7.26.7",
      "resolved": "https://registry.npmjs.org/@babel/runtime/-/runtime-7.26.7.tgz",
      "integrity": "sha512-AOPI3D+a8dXnja+iwsUqGRjr1BbZIe771sXdapOtYI531gSqpi92vXivKcq2asu/DFpdl1ceFAKZyRzK2PCVcQ==",
      "license": "MIT",
      "dependencies": {
        "regenerator-runtime": "^0.14.0"
      },
      "engines": {
        "node": ">=6.9.0"
      }
    },
    "node_modules/@codemirror/autocomplete": {
      "version": "6.18.4",
      "resolved": "https://registry.npmjs.org/@codemirror/autocomplete/-/autocomplete-6.18.4.tgz",
      "integrity": "sha512-sFAphGQIqyQZfP2ZBsSHV7xQvo9Py0rV0dW7W3IMRdS+zDuNb2l3no78CvUaWKGfzFjI4FTrLdUSj86IGb2hRA==",
      "license": "MIT",
      "dependencies": {
        "@codemirror/language": "^6.0.0",
        "@codemirror/state": "^6.0.0",
        "@codemirror/view": "^6.17.0",
        "@lezer/common": "^1.0.0"
      }
    },
    "node_modules/@codemirror/basic-setup": {
      "version": "0.20.0",
      "resolved": "https://registry.npmjs.org/@codemirror/basic-setup/-/basic-setup-0.20.0.tgz",
      "integrity": "sha512-W/ERKMLErWkrVLyP5I8Yh8PXl4r+WFNkdYVSzkXYPQv2RMPSkWpr2BgggiSJ8AHF/q3GuApncDD8I4BZz65fyg==",
      "deprecated": "In version 6.0, this package has been renamed to just 'codemirror'",
      "license": "MIT",
      "dependencies": {
        "@codemirror/autocomplete": "^0.20.0",
        "@codemirror/commands": "^0.20.0",
        "@codemirror/language": "^0.20.0",
        "@codemirror/lint": "^0.20.0",
        "@codemirror/search": "^0.20.0",
        "@codemirror/state": "^0.20.0",
        "@codemirror/view": "^0.20.0"
      }
    },
    "node_modules/@codemirror/basic-setup/node_modules/@codemirror/autocomplete": {
      "version": "0.20.3",
      "resolved": "https://registry.npmjs.org/@codemirror/autocomplete/-/autocomplete-0.20.3.tgz",
      "integrity": "sha512-lYB+NPGP+LEzAudkWhLfMxhTrxtLILGl938w+RcFrGdrIc54A+UgmCoz+McE3IYRFp4xyQcL4uFJwo+93YdgHw==",
      "license": "MIT",
      "dependencies": {
        "@codemirror/language": "^0.20.0",
        "@codemirror/state": "^0.20.0",
        "@codemirror/view": "^0.20.0",
        "@lezer/common": "^0.16.0"
      }
    },
    "node_modules/@codemirror/basic-setup/node_modules/@codemirror/commands": {
      "version": "0.20.0",
      "resolved": "https://registry.npmjs.org/@codemirror/commands/-/commands-0.20.0.tgz",
      "integrity": "sha512-v9L5NNVA+A9R6zaFvaTbxs30kc69F6BkOoiEbeFw4m4I0exmDEKBILN6mK+GksJtvTzGBxvhAPlVFTdQW8GB7Q==",
      "license": "MIT",
      "dependencies": {
        "@codemirror/language": "^0.20.0",
        "@codemirror/state": "^0.20.0",
        "@codemirror/view": "^0.20.0",
        "@lezer/common": "^0.16.0"
      }
    },
    "node_modules/@codemirror/basic-setup/node_modules/@codemirror/language": {
      "version": "0.20.2",
      "resolved": "https://registry.npmjs.org/@codemirror/language/-/language-0.20.2.tgz",
      "integrity": "sha512-WB3Bnuusw0xhVvhBocieYKwJm04SOk5bPoOEYksVHKHcGHFOaYaw+eZVxR4gIqMMcGzOIUil0FsCmFk8yrhHpw==",
      "license": "MIT",
      "dependencies": {
        "@codemirror/state": "^0.20.0",
        "@codemirror/view": "^0.20.0",
        "@lezer/common": "^0.16.0",
        "@lezer/highlight": "^0.16.0",
        "@lezer/lr": "^0.16.0",
        "style-mod": "^4.0.0"
      }
    },
    "node_modules/@codemirror/basic-setup/node_modules/@codemirror/lint": {
      "version": "0.20.3",
      "resolved": "https://registry.npmjs.org/@codemirror/lint/-/lint-0.20.3.tgz",
      "integrity": "sha512-06xUScbbspZ8mKoODQCEx6hz1bjaq9m8W8DxdycWARMiiX1wMtfCh/MoHpaL7ws/KUMwlsFFfp2qhm32oaCvVA==",
      "license": "MIT",
      "dependencies": {
        "@codemirror/state": "^0.20.0",
        "@codemirror/view": "^0.20.2",
        "crelt": "^1.0.5"
      }
    },
    "node_modules/@codemirror/basic-setup/node_modules/@codemirror/search": {
      "version": "0.20.1",
      "resolved": "https://registry.npmjs.org/@codemirror/search/-/search-0.20.1.tgz",
      "integrity": "sha512-ROe6gRboQU5E4z6GAkNa2kxhXqsGNbeLEisbvzbOeB7nuDYXUZ70vGIgmqPu0tB+1M3F9yWk6W8k2vrFpJaD4Q==",
      "license": "MIT",
      "dependencies": {
        "@codemirror/state": "^0.20.0",
        "@codemirror/view": "^0.20.0",
        "crelt": "^1.0.5"
      }
    },
    "node_modules/@codemirror/basic-setup/node_modules/@codemirror/state": {
      "version": "0.20.1",
      "resolved": "https://registry.npmjs.org/@codemirror/state/-/state-0.20.1.tgz",
      "integrity": "sha512-ms0tlV5A02OK0pFvTtSUGMLkoarzh1F8mr6jy1cD7ucSC2X/VLHtQCxfhdSEGqTYlQF2hoZtmLv+amqhdgbwjQ==",
      "license": "MIT"
    },
    "node_modules/@codemirror/basic-setup/node_modules/@codemirror/view": {
      "version": "0.20.7",
      "resolved": "https://registry.npmjs.org/@codemirror/view/-/view-0.20.7.tgz",
      "integrity": "sha512-pqEPCb9QFTOtHgAH5XU/oVy9UR/Anj6r+tG5CRmkNVcqSKEPmBU05WtN/jxJCFZBXf6HumzWC9ydE4qstO3TxQ==",
      "license": "MIT",
      "dependencies": {
        "@codemirror/state": "^0.20.0",
        "style-mod": "^4.0.0",
        "w3c-keyname": "^2.2.4"
      }
    },
    "node_modules/@codemirror/basic-setup/node_modules/@lezer/common": {
      "version": "0.16.1",
      "resolved": "https://registry.npmjs.org/@lezer/common/-/common-0.16.1.tgz",
      "integrity": "sha512-qPmG7YTZ6lATyTOAWf8vXE+iRrt1NJd4cm2nJHK+v7X9TsOF6+HtuU/ctaZy2RCrluxDb89hI6KWQ5LfQGQWuA==",
      "license": "MIT"
    },
    "node_modules/@codemirror/basic-setup/node_modules/@lezer/highlight": {
      "version": "0.16.0",
      "resolved": "https://registry.npmjs.org/@lezer/highlight/-/highlight-0.16.0.tgz",
      "integrity": "sha512-iE5f4flHlJ1g1clOStvXNLbORJoiW4Kytso6ubfYzHnaNo/eo5SKhxs4wv/rtvwZQeZrK3we8S9SyA7OGOoRKQ==",
      "license": "MIT",
      "dependencies": {
        "@lezer/common": "^0.16.0"
      }
    },
    "node_modules/@codemirror/basic-setup/node_modules/@lezer/lr": {
      "version": "0.16.3",
      "resolved": "https://registry.npmjs.org/@lezer/lr/-/lr-0.16.3.tgz",
      "integrity": "sha512-pau7um4eAw94BEuuShUIeQDTf3k4Wt6oIUOYxMmkZgDHdqtIcxWND4LRxi8nI9KuT4I1bXQv67BCapkxt7Ywqw==",
      "license": "MIT",
      "dependencies": {
        "@lezer/common": "^0.16.0"
      }
    },
    "node_modules/@codemirror/commands": {
      "version": "6.8.0",
      "resolved": "https://registry.npmjs.org/@codemirror/commands/-/commands-6.8.0.tgz",
      "integrity": "sha512-q8VPEFaEP4ikSlt6ZxjB3zW72+7osfAYW9i8Zu943uqbKuz6utc1+F170hyLUCUltXORjQXRyYQNfkckzA/bPQ==",
      "license": "MIT",
      "dependencies": {
        "@codemirror/language": "^6.0.0",
        "@codemirror/state": "^6.4.0",
        "@codemirror/view": "^6.27.0",
        "@lezer/common": "^1.1.0"
      }
    },
    "node_modules/@codemirror/lang-javascript": {
      "version": "6.2.2",
      "resolved": "https://registry.npmjs.org/@codemirror/lang-javascript/-/lang-javascript-6.2.2.tgz",
      "integrity": "sha512-VGQfY+FCc285AhWuwjYxQyUQcYurWlxdKYT4bqwr3Twnd5wP5WSeu52t4tvvuWmljT4EmgEgZCqSieokhtY8hg==",
      "license": "MIT",
      "dependencies": {
        "@codemirror/autocomplete": "^6.0.0",
        "@codemirror/language": "^6.6.0",
        "@codemirror/lint": "^6.0.0",
        "@codemirror/state": "^6.0.0",
        "@codemirror/view": "^6.17.0",
        "@lezer/common": "^1.0.0",
        "@lezer/javascript": "^1.0.0"
      }
    },
    "node_modules/@codemirror/language": {
      "version": "6.10.8",
      "resolved": "https://registry.npmjs.org/@codemirror/language/-/language-6.10.8.tgz",
      "integrity": "sha512-wcP8XPPhDH2vTqf181U8MbZnW+tDyPYy0UzVOa+oHORjyT+mhhom9vBd7dApJwoDz9Nb/a8kHjJIsuA/t8vNFw==",
      "license": "MIT",
      "dependencies": {
        "@codemirror/state": "^6.0.0",
        "@codemirror/view": "^6.23.0",
        "@lezer/common": "^1.1.0",
        "@lezer/highlight": "^1.0.0",
        "@lezer/lr": "^1.0.0",
        "style-mod": "^4.0.0"
      }
    },
    "node_modules/@codemirror/lint": {
      "version": "6.8.4",
      "resolved": "https://registry.npmjs.org/@codemirror/lint/-/lint-6.8.4.tgz",
      "integrity": "sha512-u4q7PnZlJUojeRe8FJa/njJcMctISGgPQ4PnWsd9268R4ZTtU+tfFYmwkBvgcrK2+QQ8tYFVALVb5fVJykKc5A==",
      "license": "MIT",
      "dependencies": {
        "@codemirror/state": "^6.0.0",
        "@codemirror/view": "^6.35.0",
        "crelt": "^1.0.5"
      }
    },
    "node_modules/@codemirror/search": {
      "version": "6.5.8",
      "resolved": "https://registry.npmjs.org/@codemirror/search/-/search-6.5.8.tgz",
      "integrity": "sha512-PoWtZvo7c1XFeZWmmyaOp2G0XVbOnm+fJzvghqGAktBW3cufwJUWvSCcNG0ppXiBEM05mZu6RhMtXPv2hpllig==",
      "license": "MIT",
      "dependencies": {
        "@codemirror/state": "^6.0.0",
        "@codemirror/view": "^6.0.0",
        "crelt": "^1.0.5"
      }
    },
    "node_modules/@codemirror/state": {
      "version": "6.5.2",
      "resolved": "https://registry.npmjs.org/@codemirror/state/-/state-6.5.2.tgz",
      "integrity": "sha512-FVqsPqtPWKVVL3dPSxy8wEF/ymIEuVzF1PK3VbUgrxXpJUSHQWWZz4JMToquRxnkw+36LTamCZG2iua2Ptq0fA==",
      "license": "MIT",
      "dependencies": {
        "@marijn/find-cluster-break": "^1.0.0"
      }
    },
    "node_modules/@codemirror/theme-one-dark": {
      "version": "6.1.2",
      "resolved": "https://registry.npmjs.org/@codemirror/theme-one-dark/-/theme-one-dark-6.1.2.tgz",
      "integrity": "sha512-F+sH0X16j/qFLMAfbciKTxVOwkdAS336b7AXTKOZhy8BR3eH/RelsnLgLFINrpST63mmN2OuwUt0W2ndUgYwUA==",
      "license": "MIT",
      "dependencies": {
        "@codemirror/language": "^6.0.0",
        "@codemirror/state": "^6.0.0",
        "@codemirror/view": "^6.0.0",
        "@lezer/highlight": "^1.0.0"
      }
    },
    "node_modules/@codemirror/view": {
      "version": "6.36.2",
      "resolved": "https://registry.npmjs.org/@codemirror/view/-/view-6.36.2.tgz",
      "integrity": "sha512-DZ6ONbs8qdJK0fdN7AB82CgI6tYXf4HWk1wSVa0+9bhVznCuuvhQtX8bFBoy3dv8rZSQqUd8GvhVAcielcidrA==",
      "license": "MIT",
      "dependencies": {
        "@codemirror/state": "^6.5.0",
        "style-mod": "^4.1.0",
        "w3c-keyname": "^2.2.4"
      }
    },
    "node_modules/@lezer/common": {
      "version": "1.2.3",
      "resolved": "https://registry.npmjs.org/@lezer/common/-/common-1.2.3.tgz",
      "integrity": "sha512-w7ojc8ejBqr2REPsWxJjrMFsA/ysDCFICn8zEOR9mrqzOu2amhITYuLD8ag6XZf0CFXDrhKqw7+tW8cX66NaDA==",
      "license": "MIT"
    },
    "node_modules/@lezer/highlight": {
      "version": "1.2.1",
      "resolved": "https://registry.npmjs.org/@lezer/highlight/-/highlight-1.2.1.tgz",
      "integrity": "sha512-Z5duk4RN/3zuVO7Jq0pGLJ3qynpxUVsh7IbUbGj88+uV2ApSAn6kWg2au3iJb+0Zi7kKtqffIESgNcRXWZWmSA==",
      "license": "MIT",
      "dependencies": {
        "@lezer/common": "^1.0.0"
      }
    },
    "node_modules/@lezer/javascript": {
      "version": "1.4.21",
      "resolved": "https://registry.npmjs.org/@lezer/javascript/-/javascript-1.4.21.tgz",
      "integrity": "sha512-lL+1fcuxWYPURMM/oFZLEDm0XuLN128QPV+VuGtKpeaOGdcl9F2LYC3nh1S9LkPqx9M0mndZFdXCipNAZpzIkQ==",
      "license": "MIT",
      "dependencies": {
        "@lezer/common": "^1.2.0",
        "@lezer/highlight": "^1.1.3",
        "@lezer/lr": "^1.3.0"
      }
    },
    "node_modules/@lezer/lr": {
      "version": "1.4.2",
      "resolved": "https://registry.npmjs.org/@lezer/lr/-/lr-1.4.2.tgz",
      "integrity": "sha512-pu0K1jCIdnQ12aWNaAVU5bzi7Bd1w54J3ECgANPmYLtQKP0HBj2cE/5coBD66MT10xbtIuUr7tg0Shbsvk0mDA==",
      "license": "MIT",
      "dependencies": {
        "@lezer/common": "^1.0.0"
      }
    },
    "node_modules/@marijn/find-cluster-break": {
      "version": "1.0.2",
      "resolved": "https://registry.npmjs.org/@marijn/find-cluster-break/-/find-cluster-break-1.0.2.tgz",
      "integrity": "sha512-l0h88YhZFyKdXIFNfSWpyjStDjGHwZ/U7iobcK1cQQD8sejsONdQtTVU+1wVN1PBw40PiiHB1vA5S7VTfQiP9g==",
      "license": "MIT"
    },
    "node_modules/@radix-ui/primitive": {
      "version": "1.1.1",
      "resolved": "https://registry.npmjs.org/@radix-ui/primitive/-/primitive-1.1.1.tgz",
      "integrity": "sha512-SJ31y+Q/zAyShtXJc8x83i9TYdbAfHZ++tUZnvjJJqFjzsdUnKsxPL6IEtBlxKkU7yzer//GQtZSV4GbldL3YA==",
      "license": "MIT"
    },
    "node_modules/@radix-ui/react-collection": {
      "version": "1.1.2",
      "resolved": "https://registry.npmjs.org/@radix-ui/react-collection/-/react-collection-1.1.2.tgz",
      "integrity": "sha512-9z54IEKRxIa9VityapoEYMuByaG42iSy1ZXlY2KcuLSEtq8x4987/N6m15ppoMffgZX72gER2uHe1D9Y6Unlcw==",
      "license": "MIT",
      "dependencies": {
        "@radix-ui/react-compose-refs": "1.1.1",
        "@radix-ui/react-context": "1.1.1",
        "@radix-ui/react-primitive": "2.0.2",
        "@radix-ui/react-slot": "1.1.2"
      },
      "peerDependencies": {
        "@types/react": "*",
        "@types/react-dom": "*",
        "react": "^16.8 || ^17.0 || ^18.0 || ^19.0 || ^19.0.0-rc",
        "react-dom": "^16.8 || ^17.0 || ^18.0 || ^19.0 || ^19.0.0-rc"
      },
      "peerDependenciesMeta": {
        "@types/react": {
          "optional": true
        },
        "@types/react-dom": {
          "optional": true
        }
      }
    },
    "node_modules/@radix-ui/react-compose-refs": {
      "version": "1.1.1",
      "resolved": "https://registry.npmjs.org/@radix-ui/react-compose-refs/-/react-compose-refs-1.1.1.tgz",
      "integrity": "sha512-Y9VzoRDSJtgFMUCoiZBDVo084VQ5hfpXxVE+NgkdNsjiDBByiImMZKKhxMwCbdHvhlENG6a833CbFkOQvTricw==",
      "license": "MIT",
      "peerDependencies": {
        "@types/react": "*",
        "react": "^16.8 || ^17.0 || ^18.0 || ^19.0 || ^19.0.0-rc"
      },
      "peerDependenciesMeta": {
        "@types/react": {
          "optional": true
        }
      }
    },
    "node_modules/@radix-ui/react-context": {
      "version": "1.1.1",
      "resolved": "https://registry.npmjs.org/@radix-ui/react-context/-/react-context-1.1.1.tgz",
      "integrity": "sha512-UASk9zi+crv9WteK/NU4PLvOoL3OuE6BWVKNF6hPRBtYBDXQ2u5iu3O59zUlJiTVvkyuycnqrztsHVJwcK9K+Q==",
      "license": "MIT",
      "peerDependencies": {
        "@types/react": "*",
        "react": "^16.8 || ^17.0 || ^18.0 || ^19.0 || ^19.0.0-rc"
      },
      "peerDependenciesMeta": {
        "@types/react": {
          "optional": true
        }
      }
    },
    "node_modules/@radix-ui/react-direction": {
      "version": "1.1.0",
      "resolved": "https://registry.npmjs.org/@radix-ui/react-direction/-/react-direction-1.1.0.tgz",
      "integrity": "sha512-BUuBvgThEiAXh2DWu93XsT+a3aWrGqolGlqqw5VU1kG7p/ZH2cuDlM1sRLNnY3QcBS69UIz2mcKhMxDsdewhjg==",
      "license": "MIT",
      "peerDependencies": {
        "@types/react": "*",
        "react": "^16.8 || ^17.0 || ^18.0 || ^19.0 || ^19.0.0-rc"
      },
      "peerDependenciesMeta": {
        "@types/react": {
          "optional": true
        }
      }
    },
    "node_modules/@radix-ui/react-id": {
      "version": "1.1.0",
      "resolved": "https://registry.npmjs.org/@radix-ui/react-id/-/react-id-1.1.0.tgz",
      "integrity": "sha512-EJUrI8yYh7WOjNOqpoJaf1jlFIH2LvtgAl+YcFqNCa+4hj64ZXmPkAKOFs/ukjz3byN6bdb/AVUqHkI8/uWWMA==",
      "license": "MIT",
      "dependencies": {
        "@radix-ui/react-use-layout-effect": "1.1.0"
      },
      "peerDependencies": {
        "@types/react": "*",
        "react": "^16.8 || ^17.0 || ^18.0 || ^19.0 || ^19.0.0-rc"
      },
      "peerDependenciesMeta": {
        "@types/react": {
          "optional": true
        }
      }
    },
    "node_modules/@radix-ui/react-presence": {
      "version": "1.1.2",
      "resolved": "https://registry.npmjs.org/@radix-ui/react-presence/-/react-presence-1.1.2.tgz",
      "integrity": "sha512-18TFr80t5EVgL9x1SwF/YGtfG+l0BS0PRAlCWBDoBEiDQjeKgnNZRVJp/oVBl24sr3Gbfwc/Qpj4OcWTQMsAEg==",
      "license": "MIT",
      "dependencies": {
        "@radix-ui/react-compose-refs": "1.1.1",
        "@radix-ui/react-use-layout-effect": "1.1.0"
      },
      "peerDependencies": {
        "@types/react": "*",
        "@types/react-dom": "*",
        "react": "^16.8 || ^17.0 || ^18.0 || ^19.0 || ^19.0.0-rc",
        "react-dom": "^16.8 || ^17.0 || ^18.0 || ^19.0 || ^19.0.0-rc"
      },
      "peerDependenciesMeta": {
        "@types/react": {
          "optional": true
        },
        "@types/react-dom": {
          "optional": true
        }
      }
    },
    "node_modules/@radix-ui/react-primitive": {
      "version": "2.0.2",
      "resolved": "https://registry.npmjs.org/@radix-ui/react-primitive/-/react-primitive-2.0.2.tgz",
      "integrity": "sha512-Ec/0d38EIuvDF+GZjcMU/Ze6MxntVJYO/fRlCPhCaVUyPY9WTalHJw54tp9sXeJo3tlShWpy41vQRgLRGOuz+w==",
      "license": "MIT",
      "dependencies": {
        "@radix-ui/react-slot": "1.1.2"
      },
      "peerDependencies": {
        "@types/react": "*",
        "@types/react-dom": "*",
        "react": "^16.8 || ^17.0 || ^18.0 || ^19.0 || ^19.0.0-rc",
        "react-dom": "^16.8 || ^17.0 || ^18.0 || ^19.0 || ^19.0.0-rc"
      },
      "peerDependenciesMeta": {
        "@types/react": {
          "optional": true
        },
        "@types/react-dom": {
          "optional": true
        }
      }
    },
    "node_modules/@radix-ui/react-roving-focus": {
      "version": "1.1.2",
      "resolved": "https://registry.npmjs.org/@radix-ui/react-roving-focus/-/react-roving-focus-1.1.2.tgz",
      "integrity": "sha512-zgMQWkNO169GtGqRvYrzb0Zf8NhMHS2DuEB/TiEmVnpr5OqPU3i8lfbxaAmC2J/KYuIQxyoQQ6DxepyXp61/xw==",
      "license": "MIT",
      "dependencies": {
        "@radix-ui/primitive": "1.1.1",
        "@radix-ui/react-collection": "1.1.2",
        "@radix-ui/react-compose-refs": "1.1.1",
        "@radix-ui/react-context": "1.1.1",
        "@radix-ui/react-direction": "1.1.0",
        "@radix-ui/react-id": "1.1.0",
        "@radix-ui/react-primitive": "2.0.2",
        "@radix-ui/react-use-callback-ref": "1.1.0",
        "@radix-ui/react-use-controllable-state": "1.1.0"
      },
      "peerDependencies": {
        "@types/react": "*",
        "@types/react-dom": "*",
        "react": "^16.8 || ^17.0 || ^18.0 || ^19.0 || ^19.0.0-rc",
        "react-dom": "^16.8 || ^17.0 || ^18.0 || ^19.0 || ^19.0.0-rc"
      },
      "peerDependenciesMeta": {
        "@types/react": {
          "optional": true
        },
        "@types/react-dom": {
          "optional": true
        }
      }
    },
    "node_modules/@radix-ui/react-slot": {
      "version": "1.1.2",
      "resolved": "https://registry.npmjs.org/@radix-ui/react-slot/-/react-slot-1.1.2.tgz",
      "integrity": "sha512-YAKxaiGsSQJ38VzKH86/BPRC4rh+b1Jpa+JneA5LRE7skmLPNAyeG8kPJj/oo4STLvlrs8vkf/iYyc3A5stYCQ==",
      "license": "MIT",
      "dependencies": {
        "@radix-ui/react-compose-refs": "1.1.1"
      },
      "peerDependencies": {
        "@types/react": "*",
        "react": "^16.8 || ^17.0 || ^18.0 || ^19.0 || ^19.0.0-rc"
      },
      "peerDependenciesMeta": {
        "@types/react": {
          "optional": true
        }
      }
    },
    "node_modules/@radix-ui/react-tabs": {
      "version": "1.1.3",
      "resolved": "https://registry.npmjs.org/@radix-ui/react-tabs/-/react-tabs-1.1.3.tgz",
      "integrity": "sha512-9mFyI30cuRDImbmFF6O2KUJdgEOsGh9Vmx9x/Dh9tOhL7BngmQPQfwW4aejKm5OHpfWIdmeV6ySyuxoOGjtNng==",
      "license": "MIT",
      "dependencies": {
        "@radix-ui/primitive": "1.1.1",
        "@radix-ui/react-context": "1.1.1",
        "@radix-ui/react-direction": "1.1.0",
        "@radix-ui/react-id": "1.1.0",
        "@radix-ui/react-presence": "1.1.2",
        "@radix-ui/react-primitive": "2.0.2",
        "@radix-ui/react-roving-focus": "1.1.2",
        "@radix-ui/react-use-controllable-state": "1.1.0"
      },
      "peerDependencies": {
        "@types/react": "*",
        "@types/react-dom": "*",
        "react": "^16.8 || ^17.0 || ^18.0 || ^19.0 || ^19.0.0-rc",
        "react-dom": "^16.8 || ^17.0 || ^18.0 || ^19.0 || ^19.0.0-rc"
      },
      "peerDependenciesMeta": {
        "@types/react": {
          "optional": true
        },
        "@types/react-dom": {
          "optional": true
        }
      }
    },
    "node_modules/@radix-ui/react-use-callback-ref": {
      "version": "1.1.0",
      "resolved": "https://registry.npmjs.org/@radix-ui/react-use-callback-ref/-/react-use-callback-ref-1.1.0.tgz",
      "integrity": "sha512-CasTfvsy+frcFkbXtSJ2Zu9JHpN8TYKxkgJGWbjiZhFivxaeW7rMeZt7QELGVLaYVfFMsKHjb7Ak0nMEe+2Vfw==",
      "license": "MIT",
      "peerDependencies": {
        "@types/react": "*",
        "react": "^16.8 || ^17.0 || ^18.0 || ^19.0 || ^19.0.0-rc"
      },
      "peerDependenciesMeta": {
        "@types/react": {
          "optional": true
        }
      }
    },
    "node_modules/@radix-ui/react-use-controllable-state": {
      "version": "1.1.0",
      "resolved": "https://registry.npmjs.org/@radix-ui/react-use-controllable-state/-/react-use-controllable-state-1.1.0.tgz",
      "integrity": "sha512-MtfMVJiSr2NjzS0Aa90NPTnvTSg6C/JLCV7ma0W6+OMV78vd8OyRpID+Ng9LxzsPbLeuBnWBA1Nq30AtBIDChw==",
      "license": "MIT",
      "dependencies": {
        "@radix-ui/react-use-callback-ref": "1.1.0"
      },
      "peerDependencies": {
        "@types/react": "*",
        "react": "^16.8 || ^17.0 || ^18.0 || ^19.0 || ^19.0.0-rc"
      },
      "peerDependenciesMeta": {
        "@types/react": {
          "optional": true
        }
      }
    },
    "node_modules/@radix-ui/react-use-layout-effect": {
      "version": "1.1.0",
      "resolved": "https://registry.npmjs.org/@radix-ui/react-use-layout-effect/-/react-use-layout-effect-1.1.0.tgz",
      "integrity": "sha512-+FPE0rOdziWSrH9athwI1R0HDVbWlEhd+FR+aSDk4uWGmSJ9Z54sdZVDQPZAinJhJXwfT+qnj969mCsT2gfm5w==",
      "license": "MIT",
      "peerDependencies": {
        "@types/react": "*",
        "react": "^16.8 || ^17.0 || ^18.0 || ^19.0 || ^19.0.0-rc"
      },
      "peerDependenciesMeta": {
        "@types/react": {
          "optional": true
        }
      }
    },
    "node_modules/@uiw/codemirror-extensions-basic-setup": {
      "version": "4.23.8",
      "resolved": "https://registry.npmjs.org/@uiw/codemirror-extensions-basic-setup/-/codemirror-extensions-basic-setup-4.23.8.tgz",
      "integrity": "sha512-XJR/8AEVcE7ufy1BhW2nCN9qSVDYEdCtYLfvhaMwl6Q3qcaYYCGE2K5QbFCy7LsdP/3uZKvc1OskuqatoOPdhQ==",
      "license": "MIT",
      "dependencies": {
        "@codemirror/autocomplete": "^6.0.0",
        "@codemirror/commands": "^6.0.0",
        "@codemirror/language": "^6.0.0",
        "@codemirror/lint": "^6.0.0",
        "@codemirror/search": "^6.0.0",
        "@codemirror/state": "^6.0.0",
        "@codemirror/view": "^6.0.0"
      },
      "funding": {
        "url": "https://jaywcjlove.github.io/#/sponsor"
      },
      "peerDependencies": {
        "@codemirror/autocomplete": ">=6.0.0",
        "@codemirror/commands": ">=6.0.0",
        "@codemirror/language": ">=6.0.0",
        "@codemirror/lint": ">=6.0.0",
        "@codemirror/search": ">=6.0.0",
        "@codemirror/state": ">=6.0.0",
        "@codemirror/view": ">=6.0.0"
      }
    },
    "node_modules/@uiw/react-codemirror": {
      "version": "4.23.8",
      "resolved": "https://registry.npmjs.org/@uiw/react-codemirror/-/react-codemirror-4.23.8.tgz",
      "integrity": "sha512-/NA5Pj4MmXkLSlmlUm4yfEmRLntrNq5TkQKBSINn7TukXQ4fc+C6Bk0U60Qa4rkvCSgwzZdQ2exyP0t0+2GtqA==",
      "license": "MIT",
      "dependencies": {
        "@babel/runtime": "^7.18.6",
        "@codemirror/commands": "^6.1.0",
        "@codemirror/state": "^6.1.1",
        "@codemirror/theme-one-dark": "^6.0.0",
        "@uiw/codemirror-extensions-basic-setup": "4.23.8",
        "codemirror": "^6.0.0"
      },
      "funding": {
        "url": "https://jaywcjlove.github.io/#/sponsor"
      },
      "peerDependencies": {
        "@babel/runtime": ">=7.11.0",
        "@codemirror/state": ">=6.0.0",
        "@codemirror/theme-one-dark": ">=6.0.0",
        "@codemirror/view": ">=6.0.0",
        "codemirror": ">=6.0.0",
        "react": ">=16.8.0",
        "react-dom": ">=16.8.0"
      }
    },
    "node_modules/codemirror": {
      "version": "6.0.1",
      "resolved": "https://registry.npmjs.org/codemirror/-/codemirror-6.0.1.tgz",
      "integrity": "sha512-J8j+nZ+CdWmIeFIGXEFbFPtpiYacFMDR8GlHK3IyHQJMCaVRfGx9NT+Hxivv1ckLWPvNdZqndbr/7lVhrf/Svg==",
      "license": "MIT",
      "dependencies": {
        "@codemirror/autocomplete": "^6.0.0",
        "@codemirror/commands": "^6.0.0",
        "@codemirror/language": "^6.0.0",
        "@codemirror/lint": "^6.0.0",
        "@codemirror/search": "^6.0.0",
        "@codemirror/state": "^6.0.0",
        "@codemirror/view": "^6.0.0"
      }
    },
    "node_modules/crelt": {
      "version": "1.0.6",
      "resolved": "https://registry.npmjs.org/crelt/-/crelt-1.0.6.tgz",
      "integrity": "sha512-VQ2MBenTq1fWZUH9DJNGti7kKv6EeAuYr3cLwxUWhIu1baTaXh4Ib5W2CqHVqib4/MqbYGJqiL3Zb8GJZr3l4g==",
      "license": "MIT"
    },
    "node_modules/react": {
      "version": "19.0.0",
      "resolved": "https://registry.npmjs.org/react/-/react-19.0.0.tgz",
      "integrity": "sha512-V8AVnmPIICiWpGfm6GLzCR/W5FXLchHop40W4nXBmdlEceh16rCN8O8LNWm5bh5XUX91fh7KpA+W0TgMKmgTpQ==",
      "license": "MIT",
      "peer": true,
      "engines": {
        "node": ">=0.10.0"
      }
    },
    "node_modules/react-dom": {
      "version": "19.0.0",
      "resolved": "https://registry.npmjs.org/react-dom/-/react-dom-19.0.0.tgz",
      "integrity": "sha512-4GV5sHFG0e/0AD4X+ySy6UJd3jVl1iNsNHdpad0qhABJ11twS3TTBnseqsKurKcsNqCEFeGL3uLpVChpIO3QfQ==",
      "license": "MIT",
      "peer": true,
      "dependencies": {
        "scheduler": "^0.25.0"
      },
      "peerDependencies": {
        "react": "^19.0.0"
      }
    },
    "node_modules/regenerator-runtime": {
      "version": "0.14.1",
      "resolved": "https://registry.npmjs.org/regenerator-runtime/-/regenerator-runtime-0.14.1.tgz",
      "integrity": "sha512-dYnhHh0nJoMfnkZs6GmmhFknAGRrLznOu5nc9ML+EJxGvrx6H7teuevqVqCuPcPK//3eDrrjQhehXVx9cnkGdw==",
      "license": "MIT"
    },
    "node_modules/scheduler": {
      "version": "0.25.0",
      "resolved": "https://registry.npmjs.org/scheduler/-/scheduler-0.25.0.tgz",
      "integrity": "sha512-xFVuu11jh+xcO7JOAGJNOXld8/TcEHK/4CituBUeUb5hqxJLj9YuemAEuvm9gQ/+pgXYfbQuqAkiYu+u7YEsNA==",
      "license": "MIT",
      "peer": true
    },
    "node_modules/style-mod": {
      "version": "4.1.2",
      "resolved": "https://registry.npmjs.org/style-mod/-/style-mod-4.1.2.tgz",
      "integrity": "sha512-wnD1HyVqpJUI2+eKZ+eo1UwghftP6yuFheBqqe+bWCotBjC2K1YnteJILRMs3SM4V/0dLEW1SC27MWP5y+mwmw==",
      "license": "MIT"
    },
    "node_modules/w3c-keyname": {
      "version": "2.2.8",
      "resolved": "https://registry.npmjs.org/w3c-keyname/-/w3c-keyname-2.2.8.tgz",
      "integrity": "sha512-dpojBhNsCNN7T82Tm7k26A6G9ML3NkhDsnw9n/eoxSRlVBB4CEtIQ/KTCLI2Fwf3ataSXRhYFkQi3SlnFwPvPQ==",
      "license": "MIT"
    }
  }
}
